
Microsoft Visual Studio Solution File, Format Version 12.00
# Visual Studio Version 16
VisualStudioVersion = 16.0.30011.22
MinimumVisualStudioVersion = 10.0.40219.1
Project("{FAE04EC0-301F-11D3-BF4B-00C04F79EFBC}") = "Geometry", "Geometry\Geometry.csproj", "{5CD22120-91DF-44C3-A3B6-A428AB7240AB}"
EndProject
Global
	GlobalSection(SolutionConfigurationPlatforms) = preSolution
		Debug|Any CPU = Debug|Any CPU
		Release|Any CPU = Release|Any CPU
	EndGlobalSection
	GlobalSection(ProjectConfigurationPlatforms) = postSolution
		{5CD22120-91DF-44C3-A3B6-A428AB7240AB}.Debug|Any CPU.ActiveCfg = Debug|Any CPU
		{5CD22120-91DF-44C3-A3B6-A428AB7240AB}.Debug|Any CPU.Build.0 = Debug|Any CPU
		{5CD22120-91DF-44C3-A3B6-A428AB7240AB}.Release|Any CPU.ActiveCfg = Release|Any CPU
		{5CD22120-91DF-44C3-A3B6-A428AB7240AB}.Release|Any CPU.Build.0 = Release|Any CPU
	EndGlobalSection
	GlobalSection(SolutionProperties) = preSolution
		HideSolutionNode = FALSE
	EndGlobalSection
	GlobalSection(ExtensibilityGlobals) = postSolution
		SolutionGuid = {B008B078-81F9-498E-B530-CBC18C60EDAC}
	EndGlobalSection
EndGlobal
